
Microsoft Visual Studio Solution File, Format Version 12.00
# Visual Studio 15
VisualStudioVersion = 15.0.27130.2036
MinimumVisualStudioVersion = 10.0.40219.1
Project("{FAE04EC0-301F-11D3-BF4B-00C04F79EFBC}") = "XPTO.Entidades", "XPTO.Entidades\XPTO.Entidades.csproj", "{78D077FB-7CAE-42CA-BFAC-144A414AAEE0}"
EndProject
Project("{FAE04EC0-301F-11D3-BF4B-00C04F79EFBC}") = "XPTO.Dados", "XPTO.Dados\XPTO.Dados.csproj", "{4BE3D5CF-8E87-4750-B87E-F3A3789DB03E}"
EndProject
Project("{FAE04EC0-301F-11D3-BF4B-00C04F79EFBC}") = "Base.Framework", "Base.Framework\Base.Framework.csproj", "{533B0667-9088-4A79-B8EA-287B701DD54F}"
EndProject
Project("{FAE04EC0-301F-11D3-BF4B-00C04F79EFBC}") = "Base.Util", "Base.Util\Base.Util.csproj", "{25D849C9-7EB1-4A2E-B249-D89D38A28B72}"
EndProject
Project("{FAE04EC0-301F-11D3-BF4B-00C04F79EFBC}") = "XPTO.Negocios", "XPTO.Negocios\XPTO.Negocios.csproj", "{354FDA1A-89A3-44E4-BC73-38D546EA218B}"
EndProject
Project("{2150E333-8FDC-42A3-9474-1A3956D46DE8}") = "Apresentacao", "Apresentacao", "{D563FAD8-1714-4DC4-90B5-A3ED66A30F4F}"
EndProject
Project("{FAE04EC0-301F-11D3-BF4B-00C04F79EFBC}") = "XPTO.Desktop", "XPTO.Desktop\XPTO.Desktop.csproj", "{8830930F-578B-4D13-831F-A28A5FC8BB53}"
EndProject
Project("{2150E333-8FDC-42A3-9474-1A3956D46DE8}") = "API", "API", "{0ABD7B8F-ADC7-4A06-83E9-8453F0EDED50}"
EndProject
Project("{FAE04EC0-301F-11D3-BF4B-00C04F79EFBC}") = "XPTO.Web.App", "XPTO.Web.App\XPTO.Web.App.csproj", "{FBB83AD6-63A0-4988-B57C-5F980A4A0AA2}"
EndProject
Project("{FAE04EC0-301F-11D3-BF4B-00C04F79EFBC}") = "XPTO.WebAPI", "XPTO.WebAPI\XPTO.WebAPI.csproj", "{DDB80C2A-2ABA-4EB0-A8C6-22EFA9DCD7D8}"
EndProject
Global
	GlobalSection(SolutionConfigurationPlatforms) = preSolution
		64|Any CPU = 64|Any CPU
		64|x64 = 64|x64
		64|x86 = 64|x86
		Atento|Any CPU = Atento|Any CPU
		Atento|x64 = Atento|x64
		Atento|x86 = Atento|x86
		Debug|Any CPU = Debug|Any CPU
		Debug|x64 = Debug|x64
		Debug|x86 = Debug|x86
		Release|Any CPU = Release|Any CPU
		Release|x64 = Release|x64
		Release|x86 = Release|x86
		Robo|Any CPU = Robo|Any CPU
		Robo|x64 = Robo|x64
		Robo|x86 = Robo|x86
		Testes|Any CPU = Testes|Any CPU
		Testes|x64 = Testes|x64
		Testes|x86 = Testes|x86
	EndGlobalSection
	GlobalSection(ProjectConfigurationPlatforms) = postSolution
		{78D077FB-7CAE-42CA-BFAC-144A414AAEE0}.64|Any CPU.ActiveCfg = Release|Any CPU
		{78D077FB-7CAE-42CA-BFAC-144A414AAEE0}.64|Any CPU.Build.0 = Release|Any CPU
		{78D077FB-7CAE-42CA-BFAC-144A414AAEE0}.64|x64.ActiveCfg = Release|Any CPU
		{78D077FB-7CAE-42CA-BFAC-144A414AAEE0}.64|x64.Build.0 = Release|Any CPU
		{78D077FB-7CAE-42CA-BFAC-144A414AAEE0}.64|x86.ActiveCfg = Release|Any CPU
		{78D077FB-7CAE-42CA-BFAC-144A414AAEE0}.64|x86.Build.0 = Release|Any CPU
		{78D077FB-7CAE-42CA-BFAC-144A414AAEE0}.Atento|Any CPU.ActiveCfg = Release|Any CPU
		{78D077FB-7CAE-42CA-BFAC-144A414AAEE0}.Atento|Any CPU.Build.0 = Release|Any CPU
		{78D077FB-7CAE-42CA-BFAC-144A414AAEE0}.Atento|x64.ActiveCfg = Release|Any CPU
		{78D077FB-7CAE-42CA-BFAC-144A414AAEE0}.Atento|x64.Build.0 = Release|Any CPU
		{78D077FB-7CAE-42CA-BFAC-144A414AAEE0}.Atento|x86.ActiveCfg = Release|Any CPU
		{78D077FB-7CAE-42CA-BFAC-144A414AAEE0}.Atento|x86.Build.0 = Release|Any CPU
		{78D077FB-7CAE-42CA-BFAC-144A414AAEE0}.Debug|Any CPU.ActiveCfg = Debug|Any CPU
		{78D077FB-7CAE-42CA-BFAC-144A414AAEE0}.Debug|Any CPU.Build.0 = Debug|Any CPU
		{78D077FB-7CAE-42CA-BFAC-144A414AAEE0}.Debug|x64.ActiveCfg = Debug|Any CPU
		{78D077FB-7CAE-42CA-BFAC-144A414AAEE0}.Debug|x64.Build.0 = Debug|Any CPU
		{78D077FB-7CAE-42CA-BFAC-144A414AAEE0}.Debug|x86.ActiveCfg = Debug|Any CPU
		{78D077FB-7CAE-42CA-BFAC-144A414AAEE0}.Debug|x86.Build.0 = Debug|Any CPU
		{78D077FB-7CAE-42CA-BFAC-144A414AAEE0}.Release|Any CPU.ActiveCfg = Release|Any CPU
		{78D077FB-7CAE-42CA-BFAC-144A414AAEE0}.Release|Any CPU.Build.0 = Release|Any CPU
		{78D077FB-7CAE-42CA-BFAC-144A414AAEE0}.Release|x64.ActiveCfg = Release|Any CPU
		{78D077FB-7CAE-42CA-BFAC-144A414AAEE0}.Release|x64.Build.0 = Release|Any CPU
		{78D077FB-7CAE-42CA-BFAC-144A414AAEE0}.Release|x86.ActiveCfg = Release|Any CPU
		{78D077FB-7CAE-42CA-BFAC-144A414AAEE0}.Release|x86.Build.0 = Release|Any CPU
		{78D077FB-7CAE-42CA-BFAC-144A414AAEE0}.Robo|Any CPU.ActiveCfg = Release|Any CPU
		{78D077FB-7CAE-42CA-BFAC-144A414AAEE0}.Robo|Any CPU.Build.0 = Release|Any CPU
		{78D077FB-7CAE-42CA-BFAC-144A414AAEE0}.Robo|x64.ActiveCfg = Release|Any CPU
		{78D077FB-7CAE-42CA-BFAC-144A414AAEE0}.Robo|x64.Build.0 = Release|Any CPU
		{78D077FB-7CAE-42CA-BFAC-144A414AAEE0}.Robo|x86.ActiveCfg = Release|Any CPU
		{78D077FB-7CAE-42CA-BFAC-144A414AAEE0}.Robo|x86.Build.0 = Release|Any CPU
		{78D077FB-7CAE-42CA-BFAC-144A414AAEE0}.Testes|Any CPU.ActiveCfg = Release|Any CPU
		{78D077FB-7CAE-42CA-BFAC-144A414AAEE0}.Testes|Any CPU.Build.0 = Release|Any CPU
		{78D077FB-7CAE-42CA-BFAC-144A414AAEE0}.Testes|x64.ActiveCfg = Release|Any CPU
		{78D077FB-7CAE-42CA-BFAC-144A414AAEE0}.Testes|x64.Build.0 = Release|Any CPU
		{78D077FB-7CAE-42CA-BFAC-144A414AAEE0}.Testes|x86.ActiveCfg = Release|Any CPU
		{78D077FB-7CAE-42CA-BFAC-144A414AAEE0}.Testes|x86.Build.0 = Release|Any CPU
		{4BE3D5CF-8E87-4750-B87E-F3A3789DB03E}.64|Any CPU.ActiveCfg = Release|Any CPU
		{4BE3D5CF-8E87-4750-B87E-F3A3789DB03E}.64|Any CPU.Build.0 = Release|Any CPU
		{4BE3D5CF-8E87-4750-B87E-F3A3789DB03E}.64|x64.ActiveCfg = Release|Any CPU
		{4BE3D5CF-8E87-4750-B87E-F3A3789DB03E}.64|x64.Build.0 = Release|Any CPU
		{4BE3D5CF-8E87-4750-B87E-F3A3789DB03E}.64|x86.ActiveCfg = Release|Any CPU
		{4BE3D5CF-8E87-4750-B87E-F3A3789DB03E}.64|x86.Build.0 = Release|Any CPU
		{4BE3D5CF-8E87-4750-B87E-F3A3789DB03E}.Atento|Any CPU.ActiveCfg = Release|Any CPU
		{4BE3D5CF-8E87-4750-B87E-F3A3789DB03E}.Atento|Any CPU.Build.0 = Release|Any CPU
		{4BE3D5CF-8E87-4750-B87E-F3A3789DB03E}.Atento|x64.ActiveCfg = Release|Any CPU
		{4BE3D5CF-8E87-4750-B87E-F3A3789DB03E}.Atento|x64.Build.0 = Release|Any CPU
		{4BE3D5CF-8E87-4750-B87E-F3A3789DB03E}.Atento|x86.ActiveCfg = Release|Any CPU
		{4BE3D5CF-8E87-4750-B87E-F3A3789DB03E}.Atento|x86.Build.0 = Release|Any CPU
		{4BE3D5CF-8E87-4750-B87E-F3A3789DB03E}.Debug|Any CPU.ActiveCfg = Debug|Any CPU
		{4BE3D5CF-8E87-4750-B87E-F3A3789DB03E}.Debug|Any CPU.Build.0 = Debug|Any CPU
		{4BE3D5CF-8E87-4750-B87E-F3A3789DB03E}.Debug|x64.ActiveCfg = Debug|Any CPU
		{4BE3D5CF-8E87-4750-B87E-F3A3789DB03E}.Debug|x64.Build.0 = Debug|Any CPU
		{4BE3D5CF-8E87-4750-B87E-F3A3789DB03E}.Debug|x86.ActiveCfg = Debug|Any CPU
		{4BE3D5CF-8E87-4750-B87E-F3A3789DB03E}.Debug|x86.Build.0 = Debug|Any CPU
		{4BE3D5CF-8E87-4750-B87E-F3A3789DB03E}.Release|Any CPU.ActiveCfg = Release|Any CPU
		{4BE3D5CF-8E87-4750-B87E-F3A3789DB03E}.Release|Any CPU.Build.0 = Release|Any CPU
		{4BE3D5CF-8E87-4750-B87E-F3A3789DB03E}.Release|x64.ActiveCfg = Release|Any CPU
		{4BE3D5CF-8E87-4750-B87E-F3A3789DB03E}.Release|x64.Build.0 = Release|Any CPU
		{4BE3D5CF-8E87-4750-B87E-F3A3789DB03E}.Release|x86.ActiveCfg = Release|Any CPU
		{4BE3D5CF-8E87-4750-B87E-F3A3789DB03E}.Release|x86.Build.0 = Release|Any CPU
		{4BE3D5CF-8E87-4750-B87E-F3A3789DB03E}.Robo|Any CPU.ActiveCfg = Release|Any CPU
		{4BE3D5CF-8E87-4750-B87E-F3A3789DB03E}.Robo|Any CPU.Build.0 = Release|Any CPU
		{4BE3D5CF-8E87-4750-B87E-F3A3789DB03E}.Robo|x64.ActiveCfg = Release|Any CPU
		{4BE3D5CF-8E87-4750-B87E-F3A3789DB03E}.Robo|x64.Build.0 = Release|Any CPU
		{4BE3D5CF-8E87-4750-B87E-F3A3789DB03E}.Robo|x86.ActiveCfg = Release|Any CPU
		{4BE3D5CF-8E87-4750-B87E-F3A3789DB03E}.Robo|x86.Build.0 = Release|Any CPU
		{4BE3D5CF-8E87-4750-B87E-F3A3789DB03E}.Testes|Any CPU.ActiveCfg = Release|Any CPU
		{4BE3D5CF-8E87-4750-B87E-F3A3789DB03E}.Testes|Any CPU.Build.0 = Release|Any CPU
		{4BE3D5CF-8E87-4750-B87E-F3A3789DB03E}.Testes|x64.ActiveCfg = Release|Any CPU
		{4BE3D5CF-8E87-4750-B87E-F3A3789DB03E}.Testes|x64.Build.0 = Release|Any CPU
		{4BE3D5CF-8E87-4750-B87E-F3A3789DB03E}.Testes|x86.ActiveCfg = Release|Any CPU
		{4BE3D5CF-8E87-4750-B87E-F3A3789DB03E}.Testes|x86.Build.0 = Release|Any CPU
		{533B0667-9088-4A79-B8EA-287B701DD54F}.64|Any CPU.ActiveCfg = Release|Any CPU
		{533B0667-9088-4A79-B8EA-287B701DD54F}.64|Any CPU.Build.0 = Release|Any CPU
		{533B0667-9088-4A79-B8EA-287B701DD54F}.64|x64.ActiveCfg = Release|Any CPU
		{533B0667-9088-4A79-B8EA-287B701DD54F}.64|x64.Build.0 = Release|Any CPU
		{533B0667-9088-4A79-B8EA-287B701DD54F}.64|x86.ActiveCfg = Release|Any CPU
		{533B0667-9088-4A79-B8EA-287B701DD54F}.64|x86.Build.0 = Release|Any CPU
		{533B0667-9088-4A79-B8EA-287B701DD54F}.Atento|Any CPU.ActiveCfg = Release|Any CPU
		{533B0667-9088-4A79-B8EA-287B701DD54F}.Atento|Any CPU.Build.0 = Release|Any CPU
		{533B0667-9088-4A79-B8EA-287B701DD54F}.Atento|x64.ActiveCfg = Release|Any CPU
		{533B0667-9088-4A79-B8EA-287B701DD54F}.Atento|x64.Build.0 = Release|Any CPU
		{533B0667-9088-4A79-B8EA-287B701DD54F}.Atento|x86.ActiveCfg = Release|Any CPU
		{533B0667-9088-4A79-B8EA-287B701DD54F}.Atento|x86.Build.0 = Release|Any CPU
		{533B0667-9088-4A79-B8EA-287B701DD54F}.Debug|Any CPU.ActiveCfg = Debug|Any CPU
		{533B0667-9088-4A79-B8EA-287B701DD54F}.Debug|Any CPU.Build.0 = Debug|Any CPU
		{533B0667-9088-4A79-B8EA-287B701DD54F}.Debug|x64.ActiveCfg = Debug|Any CPU
		{533B0667-9088-4A79-B8EA-287B701DD54F}.Debug|x64.Build.0 = Debug|Any CPU
		{533B0667-9088-4A79-B8EA-287B701DD54F}.Debug|x86.ActiveCfg = Debug|Any CPU
		{533B0667-9088-4A79-B8EA-287B701DD54F}.Debug|x86.Build.0 = Debug|Any CPU
		{533B0667-9088-4A79-B8EA-287B701DD54F}.Release|Any CPU.ActiveCfg = Release|Any CPU
		{533B0667-9088-4A79-B8EA-287B701DD54F}.Release|Any CPU.Build.0 = Release|Any CPU
		{533B0667-9088-4A79-B8EA-287B701DD54F}.Release|x64.ActiveCfg = Release|Any CPU
		{533B0667-9088-4A79-B8EA-287B701DD54F}.Release|x64.Build.0 = Release|Any CPU
		{533B0667-9088-4A79-B8EA-287B701DD54F}.Release|x86.ActiveCfg = Release|Any CPU
		{533B0667-9088-4A79-B8EA-287B701DD54F}.Release|x86.Build.0 = Release|Any CPU
		{533B0667-9088-4A79-B8EA-287B701DD54F}.Robo|Any CPU.ActiveCfg = Release|Any CPU
		{533B0667-9088-4A79-B8EA-287B701DD54F}.Robo|Any CPU.Build.0 = Release|Any CPU
		{533B0667-9088-4A79-B8EA-287B701DD54F}.Robo|x64.ActiveCfg = Release|Any CPU
		{533B0667-9088-4A79-B8EA-287B701DD54F}.Robo|x64.Build.0 = Release|Any CPU
		{533B0667-9088-4A79-B8EA-287B701DD54F}.Robo|x86.ActiveCfg = Release|Any CPU
		{533B0667-9088-4A79-B8EA-287B701DD54F}.Robo|x86.Build.0 = Release|Any CPU
		{533B0667-9088-4A79-B8EA-287B701DD54F}.Testes|Any CPU.ActiveCfg = Release|Any CPU
		{533B0667-9088-4A79-B8EA-287B701DD54F}.Testes|Any CPU.Build.0 = Release|Any CPU
		{533B0667-9088-4A79-B8EA-287B701DD54F}.Testes|x64.ActiveCfg = Release|Any CPU
		{533B0667-9088-4A79-B8EA-287B701DD54F}.Testes|x64.Build.0 = Release|Any CPU
		{533B0667-9088-4A79-B8EA-287B701DD54F}.Testes|x86.ActiveCfg = Release|Any CPU
		{533B0667-9088-4A79-B8EA-287B701DD54F}.Testes|x86.Build.0 = Release|Any CPU
		{25D849C9-7EB1-4A2E-B249-D89D38A28B72}.64|Any CPU.ActiveCfg = Release|Any CPU
		{25D849C9-7EB1-4A2E-B249-D89D38A28B72}.64|Any CPU.Build.0 = Release|Any CPU
		{25D849C9-7EB1-4A2E-B249-D89D38A28B72}.64|x64.ActiveCfg = Release|Any CPU
		{25D849C9-7EB1-4A2E-B249-D89D38A28B72}.64|x64.Build.0 = Release|Any CPU
		{25D849C9-7EB1-4A2E-B249-D89D38A28B72}.64|x86.ActiveCfg = Release|Any CPU
		{25D849C9-7EB1-4A2E-B249-D89D38A28B72}.64|x86.Build.0 = Release|Any CPU
		{25D849C9-7EB1-4A2E-B249-D89D38A28B72}.Atento|Any CPU.ActiveCfg = Release|Any CPU
		{25D849C9-7EB1-4A2E-B249-D89D38A28B72}.Atento|Any CPU.Build.0 = Release|Any CPU
		{25D849C9-7EB1-4A2E-B249-D89D38A28B72}.Atento|x64.ActiveCfg = Release|Any CPU
		{25D849C9-7EB1-4A2E-B249-D89D38A28B72}.Atento|x64.Build.0 = Release|Any CPU
		{25D849C9-7EB1-4A2E-B249-D89D38A28B72}.Atento|x86.ActiveCfg = Release|Any CPU
		{25D849C9-7EB1-4A2E-B249-D89D38A28B72}.Atento|x86.Build.0 = Release|Any CPU
		{25D849C9-7EB1-4A2E-B249-D89D38A28B72}.Debug|Any CPU.ActiveCfg = Debug|Any CPU
		{25D849C9-7EB1-4A2E-B249-D89D38A28B72}.Debug|Any CPU.Build.0 = Debug|Any CPU
		{25D849C9-7EB1-4A2E-B249-D89D38A28B72}.Debug|x64.ActiveCfg = Debug|Any CPU
		{25D849C9-7EB1-4A2E-B249-D89D38A28B72}.Debug|x64.Build.0 = Debug|Any CPU
		{25D849C9-7EB1-4A2E-B249-D89D38A28B72}.Debug|x86.ActiveCfg = Debug|Any CPU
		{25D849C9-7EB1-4A2E-B249-D89D38A28B72}.Debug|x86.Build.0 = Debug|Any CPU
		{25D849C9-7EB1-4A2E-B249-D89D38A28B72}.Release|Any CPU.ActiveCfg = Release|Any CPU
		{25D849C9-7EB1-4A2E-B249-D89D38A28B72}.Release|Any CPU.Build.0 = Release|Any CPU
		{25D849C9-7EB1-4A2E-B249-D89D38A28B72}.Release|x64.ActiveCfg = Release|Any CPU
		{25D849C9-7EB1-4A2E-B249-D89D38A28B72}.Release|x64.Build.0 = Release|Any CPU
		{25D849C9-7EB1-4A2E-B249-D89D38A28B72}.Release|x86.ActiveCfg = Release|Any CPU
		{25D849C9-7EB1-4A2E-B249-D89D38A28B72}.Release|x86.Build.0 = Release|Any CPU
		{25D849C9-7EB1-4A2E-B249-D89D38A28B72}.Robo|Any CPU.ActiveCfg = Release|Any CPU
		{25D849C9-7EB1-4A2E-B249-D89D38A28B72}.Robo|Any CPU.Build.0 = Release|Any CPU
		{25D849C9-7EB1-4A2E-B249-D89D38A28B72}.Robo|x64.ActiveCfg = Release|Any CPU
		{25D849C9-7EB1-4A2E-B249-D89D38A28B72}.Robo|x64.Build.0 = Release|Any CPU
		{25D849C9-7EB1-4A2E-B249-D89D38A28B72}.Robo|x86.ActiveCfg = Release|Any CPU
		{25D849C9-7EB1-4A2E-B249-D89D38A28B72}.Robo|x86.Build.0 = Release|Any CPU
		{25D849C9-7EB1-4A2E-B249-D89D38A28B72}.Testes|Any CPU.ActiveCfg = Release|Any CPU
		{25D849C9-7EB1-4A2E-B249-D89D38A28B72}.Testes|Any CPU.Build.0 = Release|Any CPU
		{25D849C9-7EB1-4A2E-B249-D89D38A28B72}.Testes|x64.ActiveCfg = Release|Any CPU
		{25D849C9-7EB1-4A2E-B249-D89D38A28B72}.Testes|x64.Build.0 = Release|Any CPU
		{25D849C9-7EB1-4A2E-B249-D89D38A28B72}.Testes|x86.ActiveCfg = Release|Any CPU
		{25D849C9-7EB1-4A2E-B249-D89D38A28B72}.Testes|x86.Build.0 = Release|Any CPU
		{354FDA1A-89A3-44E4-BC73-38D546EA218B}.64|Any CPU.ActiveCfg = Release|Any CPU
		{354FDA1A-89A3-44E4-BC73-38D546EA218B}.64|Any CPU.Build.0 = Release|Any CPU
		{354FDA1A-89A3-44E4-BC73-38D546EA218B}.64|x64.ActiveCfg = Release|Any CPU
		{354FDA1A-89A3-44E4-BC73-38D546EA218B}.64|x64.Build.0 = Release|Any CPU
		{354FDA1A-89A3-44E4-BC73-38D546EA218B}.64|x86.ActiveCfg = Release|Any CPU
		{354FDA1A-89A3-44E4-BC73-38D546EA218B}.64|x86.Build.0 = Release|Any CPU
		{354FDA1A-89A3-44E4-BC73-38D546EA218B}.Atento|Any CPU.ActiveCfg = Release|Any CPU
		{354FDA1A-89A3-44E4-BC73-38D546EA218B}.Atento|Any CPU.Build.0 = Release|Any CPU
		{354FDA1A-89A3-44E4-BC73-38D546EA218B}.Atento|x64.ActiveCfg = Release|Any CPU
		{354FDA1A-89A3-44E4-BC73-38D546EA218B}.Atento|x64.Build.0 = Release|Any CPU
		{354FDA1A-89A3-44E4-BC73-38D546EA218B}.Atento|x86.ActiveCfg = Release|Any CPU
		{354FDA1A-89A3-44E4-BC73-38D546EA218B}.Atento|x86.Build.0 = Release|Any CPU
		{354FDA1A-89A3-44E4-BC73-38D546EA218B}.Debug|Any CPU.ActiveCfg = Debug|Any CPU
		{354FDA1A-89A3-44E4-BC73-38D546EA218B}.Debug|Any CPU.Build.0 = Debug|Any CPU
		{354FDA1A-89A3-44E4-BC73-38D546EA218B}.Debug|x64.ActiveCfg = Debug|Any CPU
		{354FDA1A-89A3-44E4-BC73-38D546EA218B}.Debug|x64.Build.0 = Debug|Any CPU
		{354FDA1A-89A3-44E4-BC73-38D546EA218B}.Debug|x86.ActiveCfg = Debug|Any CPU
		{354FDA1A-89A3-44E4-BC73-38D546EA218B}.Debug|x86.Build.0 = Debug|Any CPU
		{354FDA1A-89A3-44E4-BC73-38D546EA218B}.Release|Any CPU.ActiveCfg = Release|Any CPU
		{354FDA1A-89A3-44E4-BC73-38D546EA218B}.Release|Any CPU.Build.0 = Release|Any CPU
		{354FDA1A-89A3-44E4-BC73-38D546EA218B}.Release|x64.ActiveCfg = Release|Any CPU
		{354FDA1A-89A3-44E4-BC73-38D546EA218B}.Release|x64.Build.0 = Release|Any CPU
		{354FDA1A-89A3-44E4-BC73-38D546EA218B}.Release|x86.ActiveCfg = Release|Any CPU
		{354FDA1A-89A3-44E4-BC73-38D546EA218B}.Release|x86.Build.0 = Release|Any CPU
		{354FDA1A-89A3-44E4-BC73-38D546EA218B}.Robo|Any CPU.ActiveCfg = Release|Any CPU
		{354FDA1A-89A3-44E4-BC73-38D546EA218B}.Robo|Any CPU.Build.0 = Release|Any CPU
		{354FDA1A-89A3-44E4-BC73-38D546EA218B}.Robo|x64.ActiveCfg = Release|Any CPU
		{354FDA1A-89A3-44E4-BC73-38D546EA218B}.Robo|x64.Build.0 = Release|Any CPU
		{354FDA1A-89A3-44E4-BC73-38D546EA218B}.Robo|x86.ActiveCfg = Release|Any CPU
		{354FDA1A-89A3-44E4-BC73-38D546EA218B}.Robo|x86.Build.0 = Release|Any CPU
		{354FDA1A-89A3-44E4-BC73-38D546EA218B}.Testes|Any CPU.ActiveCfg = Release|Any CPU
		{354FDA1A-89A3-44E4-BC73-38D546EA218B}.Testes|Any CPU.Build.0 = Release|Any CPU
		{354FDA1A-89A3-44E4-BC73-38D546EA218B}.Testes|x64.ActiveCfg = Release|Any CPU
		{354FDA1A-89A3-44E4-BC73-38D546EA218B}.Testes|x64.Build.0 = Release|Any CPU
		{354FDA1A-89A3-44E4-BC73-38D546EA218B}.Testes|x86.ActiveCfg = Release|Any CPU
		{354FDA1A-89A3-44E4-BC73-38D546EA218B}.Testes|x86.Build.0 = Release|Any CPU
		{8830930F-578B-4D13-831F-A28A5FC8BB53}.64|Any CPU.ActiveCfg = Release|Any CPU
		{8830930F-578B-4D13-831F-A28A5FC8BB53}.64|Any CPU.Build.0 = Release|Any CPU
		{8830930F-578B-4D13-831F-A28A5FC8BB53}.64|x64.ActiveCfg = Release|Any CPU
		{8830930F-578B-4D13-831F-A28A5FC8BB53}.64|x64.Build.0 = Release|Any CPU
		{8830930F-578B-4D13-831F-A28A5FC8BB53}.64|x86.ActiveCfg = Release|Any CPU
		{8830930F-578B-4D13-831F-A28A5FC8BB53}.64|x86.Build.0 = Release|Any CPU
		{8830930F-578B-4D13-831F-A28A5FC8BB53}.Atento|Any CPU.ActiveCfg = Release|Any CPU
		{8830930F-578B-4D13-831F-A28A5FC8BB53}.Atento|Any CPU.Build.0 = Release|Any CPU
		{8830930F-578B-4D13-831F-A28A5FC8BB53}.Atento|x64.ActiveCfg = Release|Any CPU
		{8830930F-578B-4D13-831F-A28A5FC8BB53}.Atento|x64.Build.0 = Release|Any CPU
		{8830930F-578B-4D13-831F-A28A5FC8BB53}.Atento|x86.ActiveCfg = Release|Any CPU
		{8830930F-578B-4D13-831F-A28A5FC8BB53}.Atento|x86.Build.0 = Release|Any CPU
		{8830930F-578B-4D13-831F-A28A5FC8BB53}.Debug|Any CPU.ActiveCfg = Debug|Any CPU
		{8830930F-578B-4D13-831F-A28A5FC8BB53}.Debug|Any CPU.Build.0 = Debug|Any CPU
		{8830930F-578B-4D13-831F-A28A5FC8BB53}.Debug|x64.ActiveCfg = Debug|Any CPU
		{8830930F-578B-4D13-831F-A28A5FC8BB53}.Debug|x64.Build.0 = Debug|Any CPU
		{8830930F-578B-4D13-831F-A28A5FC8BB53}.Debug|x86.ActiveCfg = Debug|Any CPU
		{8830930F-578B-4D13-831F-A28A5FC8BB53}.Debug|x86.Build.0 = Debug|Any CPU
		{8830930F-578B-4D13-831F-A28A5FC8BB53}.Release|Any CPU.ActiveCfg = Release|Any CPU
		{8830930F-578B-4D13-831F-A28A5FC8BB53}.Release|Any CPU.Build.0 = Release|Any CPU
		{8830930F-578B-4D13-831F-A28A5FC8BB53}.Release|x64.ActiveCfg = Release|Any CPU
		{8830930F-578B-4D13-831F-A28A5FC8BB53}.Release|x64.Build.0 = Release|Any CPU
		{8830930F-578B-4D13-831F-A28A5FC8BB53}.Release|x86.ActiveCfg = Release|Any CPU
		{8830930F-578B-4D13-831F-A28A5FC8BB53}.Release|x86.Build.0 = Release|Any CPU
		{8830930F-578B-4D13-831F-A28A5FC8BB53}.Robo|Any CPU.ActiveCfg = Release|Any CPU
		{8830930F-578B-4D13-831F-A28A5FC8BB53}.Robo|Any CPU.Build.0 = Release|Any CPU
		{8830930F-578B-4D13-831F-A28A5FC8BB53}.Robo|x64.ActiveCfg = Release|Any CPU
		{8830930F-578B-4D13-831F-A28A5FC8BB53}.Robo|x64.Build.0 = Release|Any CPU
		{8830930F-578B-4D13-831F-A28A5FC8BB53}.Robo|x86.ActiveCfg = Release|Any CPU
		{8830930F-578B-4D13-831F-A28A5FC8BB53}.Robo|x86.Build.0 = Release|Any CPU
		{8830930F-578B-4D13-831F-A28A5FC8BB53}.Testes|Any CPU.ActiveCfg = Release|Any CPU
		{8830930F-578B-4D13-831F-A28A5FC8BB53}.Testes|Any CPU.Build.0 = Release|Any CPU
		{8830930F-578B-4D13-831F-A28A5FC8BB53}.Testes|x64.ActiveCfg = Release|Any CPU
		{8830930F-578B-4D13-831F-A28A5FC8BB53}.Testes|x64.Build.0 = Release|Any CPU
		{8830930F-578B-4D13-831F-A28A5FC8BB53}.Testes|x86.ActiveCfg = Release|Any CPU
		{8830930F-578B-4D13-831F-A28A5FC8BB53}.Testes|x86.Build.0 = Release|Any CPU
		{FBB83AD6-63A0-4988-B57C-5F980A4A0AA2}.64|Any CPU.ActiveCfg = Release|Any CPU
		{FBB83AD6-63A0-4988-B57C-5F980A4A0AA2}.64|Any CPU.Build.0 = Release|Any CPU
		{FBB83AD6-63A0-4988-B57C-5F980A4A0AA2}.64|x64.ActiveCfg = Release|Any CPU
		{FBB83AD6-63A0-4988-B57C-5F980A4A0AA2}.64|x64.Build.0 = Release|Any CPU
		{FBB83AD6-63A0-4988-B57C-5F980A4A0AA2}.64|x86.ActiveCfg = Release|Any CPU
		{FBB83AD6-63A0-4988-B57C-5F980A4A0AA2}.64|x86.Build.0 = Release|Any CPU
		{FBB83AD6-63A0-4988-B57C-5F980A4A0AA2}.Atento|Any CPU.ActiveCfg = Release|Any CPU
		{FBB83AD6-63A0-4988-B57C-5F980A4A0AA2}.Atento|Any CPU.Build.0 = Release|Any CPU
		{FBB83AD6-63A0-4988-B57C-5F980A4A0AA2}.Atento|x64.ActiveCfg = Release|Any CPU
		{FBB83AD6-63A0-4988-B57C-5F980A4A0AA2}.Atento|x64.Build.0 = Release|Any CPU
		{FBB83AD6-63A0-4988-B57C-5F980A4A0AA2}.Atento|x86.ActiveCfg = Release|Any CPU
		{FBB83AD6-63A0-4988-B57C-5F980A4A0AA2}.Atento|x86.Build.0 = Release|Any CPU
		{FBB83AD6-63A0-4988-B57C-5F980A4A0AA2}.Debug|Any CPU.ActiveCfg = Debug|Any CPU
		{FBB83AD6-63A0-4988-B57C-5F980A4A0AA2}.Debug|Any CPU.Build.0 = Debug|Any CPU
		{FBB83AD6-63A0-4988-B57C-5F980A4A0AA2}.Debug|x64.ActiveCfg = Debug|Any CPU
		{FBB83AD6-63A0-4988-B57C-5F980A4A0AA2}.Debug|x64.Build.0 = Debug|Any CPU
		{FBB83AD6-63A0-4988-B57C-5F980A4A0AA2}.Debug|x86.ActiveCfg = Debug|Any CPU
		{FBB83AD6-63A0-4988-B57C-5F980A4A0AA2}.Debug|x86.Build.0 = Debug|Any CPU
		{FBB83AD6-63A0-4988-B57C-5F980A4A0AA2}.Release|Any CPU.ActiveCfg = Release|Any CPU
		{FBB83AD6-63A0-4988-B57C-5F980A4A0AA2}.Release|Any CPU.Build.0 = Release|Any CPU
		{FBB83AD6-63A0-4988-B57C-5F980A4A0AA2}.Release|x64.ActiveCfg = Release|Any CPU
		{FBB83AD6-63A0-4988-B57C-5F980A4A0AA2}.Release|x64.Build.0 = Release|Any CPU
		{FBB83AD6-63A0-4988-B57C-5F980A4A0AA2}.Release|x86.ActiveCfg = Release|Any CPU
		{FBB83AD6-63A0-4988-B57C-5F980A4A0AA2}.Release|x86.Build.0 = Release|Any CPU
		{FBB83AD6-63A0-4988-B57C-5F980A4A0AA2}.Robo|Any CPU.ActiveCfg = Release|Any CPU
		{FBB83AD6-63A0-4988-B57C-5F980A4A0AA2}.Robo|Any CPU.Build.0 = Release|Any CPU
		{FBB83AD6-63A0-4988-B57C-5F980A4A0AA2}.Robo|x64.ActiveCfg = Release|Any CPU
		{FBB83AD6-63A0-4988-B57C-5F980A4A0AA2}.Robo|x64.Build.0 = Release|Any CPU
		{FBB83AD6-63A0-4988-B57C-5F980A4A0AA2}.Robo|x86.ActiveCfg = Release|Any CPU
		{FBB83AD6-63A0-4988-B57C-5F980A4A0AA2}.Robo|x86.Build.0 = Release|Any CPU
		{FBB83AD6-63A0-4988-B57C-5F980A4A0AA2}.Testes|Any CPU.ActiveCfg = Release|Any CPU
		{FBB83AD6-63A0-4988-B57C-5F980A4A0AA2}.Testes|Any CPU.Build.0 = Release|Any CPU
		{FBB83AD6-63A0-4988-B57C-5F980A4A0AA2}.Testes|x64.ActiveCfg = Release|Any CPU
		{FBB83AD6-63A0-4988-B57C-5F980A4A0AA2}.Testes|x64.Build.0 = Release|Any CPU
		{FBB83AD6-63A0-4988-B57C-5F980A4A0AA2}.Testes|x86.ActiveCfg = Release|Any CPU
		{FBB83AD6-63A0-4988-B57C-5F980A4A0AA2}.Testes|x86.Build.0 = Release|Any CPU
		{DDB80C2A-2ABA-4EB0-A8C6-22EFA9DCD7D8}.64|Any CPU.ActiveCfg = Release|Any CPU
		{DDB80C2A-2ABA-4EB0-A8C6-22EFA9DCD7D8}.64|Any CPU.Build.0 = Release|Any CPU
		{DDB80C2A-2ABA-4EB0-A8C6-22EFA9DCD7D8}.64|x64.ActiveCfg = Release|Any CPU
		{DDB80C2A-2ABA-4EB0-A8C6-22EFA9DCD7D8}.64|x64.Build.0 = Release|Any CPU
		{DDB80C2A-2ABA-4EB0-A8C6-22EFA9DCD7D8}.64|x86.ActiveCfg = Release|Any CPU
		{DDB80C2A-2ABA-4EB0-A8C6-22EFA9DCD7D8}.64|x86.Build.0 = Release|Any CPU
		{DDB80C2A-2ABA-4EB0-A8C6-22EFA9DCD7D8}.Atento|Any CPU.ActiveCfg = Release|Any CPU
		{DDB80C2A-2ABA-4EB0-A8C6-22EFA9DCD7D8}.Atento|Any CPU.Build.0 = Release|Any CPU
		{DDB80C2A-2ABA-4EB0-A8C6-22EFA9DCD7D8}.Atento|x64.ActiveCfg = Release|Any CPU
		{DDB80C2A-2ABA-4EB0-A8C6-22EFA9DCD7D8}.Atento|x64.Build.0 = Release|Any CPU
		{DDB80C2A-2ABA-4EB0-A8C6-22EFA9DCD7D8}.Atento|x86.ActiveCfg = Release|Any CPU
		{DDB80C2A-2ABA-4EB0-A8C6-22EFA9DCD7D8}.Atento|x86.Build.0 = Release|Any CPU
		{DDB80C2A-2ABA-4EB0-A8C6-22EFA9DCD7D8}.Debug|Any CPU.ActiveCfg = Debug|Any CPU
		{DDB80C2A-2ABA-4EB0-A8C6-22EFA9DCD7D8}.Debug|Any CPU.Build.0 = Debug|Any CPU
		{DDB80C2A-2ABA-4EB0-A8C6-22EFA9DCD7D8}.Debug|x64.ActiveCfg = Debug|Any CPU
		{DDB80C2A-2ABA-4EB0-A8C6-22EFA9DCD7D8}.Debug|x64.Build.0 = Debug|Any CPU
		{DDB80C2A-2ABA-4EB0-A8C6-22EFA9DCD7D8}.Debug|x86.ActiveCfg = Debug|Any CPU
		{DDB80C2A-2ABA-4EB0-A8C6-22EFA9DCD7D8}.Debug|x86.Build.0 = Debug|Any CPU
		{DDB80C2A-2ABA-4EB0-A8C6-22EFA9DCD7D8}.Release|Any CPU.ActiveCfg = Release|Any CPU
		{DDB80C2A-2ABA-4EB0-A8C6-22EFA9DCD7D8}.Release|Any CPU.Build.0 = Release|Any CPU
		{DDB80C2A-2ABA-4EB0-A8C6-22EFA9DCD7D8}.Release|x64.ActiveCfg = Release|Any CPU
		{DDB80C2A-2ABA-4EB0-A8C6-22EFA9DCD7D8}.Release|x64.Build.0 = Release|Any CPU
		{DDB80C2A-2ABA-4EB0-A8C6-22EFA9DCD7D8}.Release|x86.ActiveCfg = Release|Any CPU
		{DDB80C2A-2ABA-4EB0-A8C6-22EFA9DCD7D8}.Release|x86.Build.0 = Release|Any CPU
		{DDB80C2A-2ABA-4EB0-A8C6-22EFA9DCD7D8}.Robo|Any CPU.ActiveCfg = Release|Any CPU
		{DDB80C2A-2ABA-4EB0-A8C6-22EFA9DCD7D8}.Robo|Any CPU.Build.0 = Release|Any CPU
		{DDB80C2A-2ABA-4EB0-A8C6-22EFA9DCD7D8}.Robo|x64.ActiveCfg = Release|Any CPU
		{DDB80C2A-2ABA-4EB0-A8C6-22EFA9DCD7D8}.Robo|x64.Build.0 = Release|Any CPU
		{DDB80C2A-2ABA-4EB0-A8C6-22EFA9DCD7D8}.Robo|x86.ActiveCfg = Release|Any CPU
		{DDB80C2A-2ABA-4EB0-A8C6-22EFA9DCD7D8}.Robo|x86.Build.0 = Release|Any CPU
		{DDB80C2A-2ABA-4EB0-A8C6-22EFA9DCD7D8}.Testes|Any CPU.ActiveCfg = Release|Any CPU
		{DDB80C2A-2ABA-4EB0-A8C6-22EFA9DCD7D8}.Testes|Any CPU.Build.0 = Release|Any CPU
		{DDB80C2A-2ABA-4EB0-A8C6-22EFA9DCD7D8}.Testes|x64.ActiveCfg = Release|Any CPU
		{DDB80C2A-2ABA-4EB0-A8C6-22EFA9DCD7D8}.Testes|x64.Build.0 = Release|Any CPU
		{DDB80C2A-2ABA-4EB0-A8C6-22EFA9DCD7D8}.Testes|x86.ActiveCfg = Release|Any CPU
		{DDB80C2A-2ABA-4EB0-A8C6-22EFA9DCD7D8}.Testes|x86.Build.0 = Release|Any CPU
	EndGlobalSection
	GlobalSection(SolutionProperties) = preSolution
		HideSolutionNode = FALSE
	EndGlobalSection
	GlobalSection(NestedProjects) = preSolution
		{8830930F-578B-4D13-831F-A28A5FC8BB53} = {D563FAD8-1714-4DC4-90B5-A3ED66A30F4F}
		{FBB83AD6-63A0-4988-B57C-5F980A4A0AA2} = {D563FAD8-1714-4DC4-90B5-A3ED66A30F4F}
		{DDB80C2A-2ABA-4EB0-A8C6-22EFA9DCD7D8} = {0ABD7B8F-ADC7-4A06-83E9-8453F0EDED50}
	EndGlobalSection
	GlobalSection(ExtensibilityGlobals) = postSolution
		SolutionGuid = {E8759340-ECAA-4EC8-A438-5FC6C4E074EB}
	EndGlobalSection
EndGlobal
