
Microsoft Visual Studio Solution File, Format Version 11.00
# Visual Studio 2010
Project("{FAE04EC0-301F-11D3-BF4B-00C04F79EFBC}") = "Tecfort.Framework", "Tecfort.Framework.csproj", "{533B0667-9088-4A79-B8EA-287B701DD54F}"
EndProject
Global
	GlobalSection(SolutionConfigurationPlatforms) = preSolution
		Debug|Any CPU = Debug|Any CPU
		Release|Any CPU = Release|Any CPU
	EndGlobalSection
	GlobalSection(ProjectConfigurationPlatforms) = postSolution
		{533B0667-9088-4A79-B8EA-287B701DD54F}.Debug|Any CPU.ActiveCfg = Debug|Any CPU
		{533B0667-9088-4A79-B8EA-287B701DD54F}.Debug|Any CPU.Build.0 = Debug|Any CPU
		{533B0667-9088-4A79-B8EA-287B701DD54F}.Release|Any CPU.ActiveCfg = Release|Any CPU
		{533B0667-9088-4A79-B8EA-287B701DD54F}.Release|Any CPU.Build.0 = Release|Any CPU
	EndGlobalSection
	GlobalSection(SolutionProperties) = preSolution
		HideSolutionNode = FALSE
	EndGlobalSection
EndGlobal
